{
  "name": "MockserverTutorial",
  "version": "1.0.0",
  "lockfileVersion": 1,
  "requires": true,
  "dependencies": {
    "@openui5/sap.m": {
      "version": "1.73.2",
      "resolved": "https://registry.npmjs.org/@openui5/sap.m/-/sap.m-1.73.2.tgz",
      "integrity": "sha512-rWL/XenyQ5nAym+liPy4uMzBSnB7790n+aTNG1QutFkhZpYSf31Ve/PNdP3j4fTv90EGzDnrk92yXI8sOcCKFw==",
      "requires": {
        "@openui5/sap.ui.core": "1.73.2",
        "@openui5/sap.ui.layout": "1.73.2",
        "@openui5/sap.ui.unified": "1.73.2"
      }
    },
    "@openui5/sap.ui.core": {
      "version": "1.73.2",
      "resolved": "https://registry.npmjs.org/@openui5/sap.ui.core/-/sap.ui.core-1.73.2.tgz",
      "integrity": "sha512-snXBnE3qToL4Bev8D2u3oVn1Y4fJJOcvopWGVTq3Yeq3m0CJFHh53D5jdmYdj+HjD4MabsGir/aeneu41oowbA=="
    },
    "@openui5/sap.ui.layout": {
      "version": "1.73.2",
      "resolved": "https://registry.npmjs.org/@openui5/sap.ui.layout/-/sap.ui.layout-1.73.2.tgz",
      "integrity": "sha512-MfSVy2G8EzHeOGY3bRNnZ/42sGyD1+Dbuc6h4gMWk12fc7mFSMkTwlru7SIJX1yqApx0+4qNISF1b9ryQRIhJA==",
      "requires": {
        "@openui5/sap.ui.core": "1.73.2"
      }
    },
    "@openui5/sap.ui.unified": {
      "version": "1.73.2",
      "resolved": "https://registry.npmjs.org/@openui5/sap.ui.unified/-/sap.ui.unified-1.73.2.tgz",
      "integrity": "sha512-bqghTDcnWGkpey4A9W9UYjEIB3J567+RN/eccd2/RtYv6+5t5Y+3XUM25/OEVGhv8mTaxHwrA7+fhBA6QQR7Kg==",
      "requires": {
        "@openui5/sap.ui.core": "1.73.2"
      }
    },
    "@openui5/themelib_sap_belize": {
      "version": "1.73.2",
      "resolved": "https://registry.npmjs.org/@openui5/themelib_sap_belize/-/themelib_sap_belize-1.73.2.tgz",
      "integrity": "sha512-tWl+Za+7zSHPU/04iAbRqsKmpTdK9KK86H1oOxhu16f5xRvZNu9Asjfx1/ne6dsDAn8RmcqTUur6J1eqt3am8Q=="
    }
  }
}
